github.com/bertrandkeller/documentago v1.0.0 h1:JgX2YedVl4I2+AcVUUAl3WS+3ZDk3H9Oqj9Xdfg8KK0=
github.com/bertrandkeller/documentago v1.0.0/go.mod h1:2G4625JJXggMRDL5mpHh9bYtb/LukVjUII4DbLQ9uw0=
github.com/disic/frago v1.6.8 h1:LG5PBaNYcRtFmbxQ0zRCAaMY+S0QZ1pLsEvXM/zN4Gg=
github.com/disic/frago v1.6.8/go.mod h1:P+FGLyK+Tit1HIeu1aDFxIwQCCrYTJflqCX0Xue/jXM=
